{
  "name": "edgecreator",
  "version": "1.0.0",
  "lockfileVersion": 1,
  "requires": true,
  "dependencies": {
    "form-serializer": {
      "version": "2.5.0",
      "resolved": "https://registry.npmjs.org/form-serializer/-/form-serializer-2.5.0.tgz",
      "integrity": "sha1-yuovrLwbzuf2VdkTZwcTPz+staM="
    },
    "jquery": {
      "version": "1.11.3",
      "resolved": "https://registry.npmjs.org/jquery/-/jquery-1.11.3.tgz",
      "integrity": "sha1-3Yt0J4snEC0p32Pq4oMIqM+htYM="
    },
    "jquery-ui-dist": {
      "version": "1.12.1",
      "resolved": "https://registry.npmjs.org/jquery-ui-dist/-/jquery-ui-dist-1.12.1.tgz",
      "integrity": "sha1-XAgV08xvkP9fqvWyaKbiO0ypBPo="
    },
    "jquery-ui-themes": {
      "version": "1.12.0",
      "resolved": "https://registry.npmjs.org/jquery-ui-themes/-/jquery-ui-themes-1.12.0.tgz",
      "integrity": "sha1-pXugrZaADYRSL+dok//L3mcIHVE="
    }
  }
}
